# schema: ssot.odoo.oca_lock.v1
# Deterministic OCA lock for Finance PPM install sets.

schema: ssot.odoo.oca_lock.v1
version: 1
updated: "2026-03-06"
odoo_version: "18.0"

repos:
  - name: server-tools
    source: https://github.com/OCA/server-tools
    target_path: addons/oca/server-tools
    branch: "19.0"
    ref: 4ae1186942461cfcc2ee14952335020cfa42af49
    shallow: false
    lifecycle: active

  - name: web
    source: https://github.com/OCA/web
    target_path: addons/oca/web
    branch: "19.0"
    ref: 9c6d0afb51af11191ba3b77872d466de1edbc75a
    shallow: false
    lifecycle: active

  - name: queue
    source: https://github.com/OCA/queue
    target_path: addons/oca/queue
    branch: "19.0"
    ref: d2a8e902eef111cee495e96bd8bc903155ba29ae
    shallow: false
    lifecycle: active

  - name: account-financial-reporting
    source: https://github.com/OCA/account-financial-reporting
    target_path: addons/oca/account-financial-reporting
    branch: "19.0"
    ref: 8057c115a50ec73df182196da3428e21249359a8
    shallow: false
    lifecycle: active

  - name: mis-builder
    source: https://github.com/OCA/mis-builder
    target_path: addons/oca/mis-builder
    branch: "19.0"
    ref: fd504a9102904551f5e46949f28187560a57fd86
    shallow: false
    lifecycle: active

  - name: dms
    source: https://github.com/OCA/dms
    target_path: addons/oca/dms
    branch: "19.0"
    ref: 878c8bd638d9d5771fd23682b88088506aacd7cb
    shallow: false
    lifecycle: active
